
Microsoft Visual Studio Solution File, Format Version 12.00
# Visual Studio Version 16
VisualStudioVersion = 16.0.29306.81
MinimumVisualStudioVersion = 10.0.40219.1
Project("{FAE04EC0-301F-11D3-BF4B-00C04F79EFBC}") = "Cosmy", "Cosmy.csproj", "{12A44BD2-E957-43EF-9F8D-968DC968CC18}"
EndProject
Project("{FAE04EC0-301F-11D3-BF4B-00C04F79EFBC}") = "Cosmy.DependencyInjection", "..\Cosmy.DependencyInjection\Cosmy.DependencyInjection.csproj", "{0FAE31F1-3E50-4591-9878-403963DF91EF}"
EndProject
Global
	GlobalSection(SolutionConfigurationPlatforms) = preSolution
		Debug|Any CPU = Debug|Any CPU
		Release|Any CPU = Release|Any CPU
	EndGlobalSection
	GlobalSection(ProjectConfigurationPlatforms) = postSolution
		{12A44BD2-E957-43EF-9F8D-968DC968CC18}.Debug|Any CPU.ActiveCfg = Debug|Any CPU
		{12A44BD2-E957-43EF-9F8D-968DC968CC18}.Debug|Any CPU.Build.0 = Debug|Any CPU
		{12A44BD2-E957-43EF-9F8D-968DC968CC18}.Release|Any CPU.ActiveCfg = Release|Any CPU
		{12A44BD2-E957-43EF-9F8D-968DC968CC18}.Release|Any CPU.Build.0 = Release|Any CPU
		{0FAE31F1-3E50-4591-9878-403963DF91EF}.Debug|Any CPU.ActiveCfg = Debug|Any CPU
		{0FAE31F1-3E50-4591-9878-403963DF91EF}.Debug|Any CPU.Build.0 = Debug|Any CPU
		{0FAE31F1-3E50-4591-9878-403963DF91EF}.Release|Any CPU.ActiveCfg = Release|Any CPU
		{0FAE31F1-3E50-4591-9878-403963DF91EF}.Release|Any CPU.Build.0 = Release|Any CPU
	EndGlobalSection
	GlobalSection(SolutionProperties) = preSolution
		HideSolutionNode = FALSE
	EndGlobalSection
	GlobalSection(ExtensibilityGlobals) = postSolution
		SolutionGuid = {5B47661C-C150-4CF3-8482-8E8E97EE84EA}
	EndGlobalSection
EndGlobal
